
Microsoft Visual Studio Solution File, Format Version 12.00
# Visual Studio Version 16
VisualStudioVersion = 16.0.30413.136
MinimumVisualStudioVersion = 10.0.40219.1
Project("{FAE04EC0-301F-11D3-BF4B-00C04F79EFBC}") = "UTF4-EJER2", "UTF4-EJER2\UTF4-EJER2.csproj", "{02C10555-4C3D-4050-A049-C83B9997E9B0}"
EndProject
Global
	GlobalSection(SolutionConfigurationPlatforms) = preSolution
		Debug|Any CPU = Debug|Any CPU
		Release|Any CPU = Release|Any CPU
	EndGlobalSection
	GlobalSection(ProjectConfigurationPlatforms) = postSolution
		{02C10555-4C3D-4050-A049-C83B9997E9B0}.Debug|Any CPU.ActiveCfg = Debug|Any CPU
		{02C10555-4C3D-4050-A049-C83B9997E9B0}.Debug|Any CPU.Build.0 = Debug|Any CPU
		{02C10555-4C3D-4050-A049-C83B9997E9B0}.Release|Any CPU.ActiveCfg = Release|Any CPU
		{02C10555-4C3D-4050-A049-C83B9997E9B0}.Release|Any CPU.Build.0 = Release|Any CPU
	EndGlobalSection
	GlobalSection(SolutionProperties) = preSolution
		HideSolutionNode = FALSE
	EndGlobalSection
	GlobalSection(ExtensibilityGlobals) = postSolution
		SolutionGuid = {F955BC15-3BE8-4DF9-992B-B1B75E676295}
	EndGlobalSection
EndGlobal
